github.com/tsuna/endian v0.0.0-20151020052604-29b3a4178852 h1:/HMzghBx/U8ZTQ+CCKRAsjeNNV12OCG3PfJcthNMBU0=
github.com/tsuna/endian v0.0.0-20151020052604-29b3a4178852/go.mod h1:7SvkOZYNBtjd5XUi2fuPMvAZS8rlCMaU69hj/3joIsE=
golang.org/x/crypto v0.36.0 h1:AnAEvhDddvBdpY+uR+MyHmuZzzNqXSe/GvuDeob5L34=
golang.org/x/crypto v0.36.0/go.mod h1:Y4J0ReaxCR1IMaabaSMugxJES1EpwhBHhv2bDHklZvc=
golang.org/x/example/hello v0.0.0-20241216154601-40afcb705d05 h1:rFCWdpy7W0sSM+IkJdx4/mLt+RPA6p1T5W3dL+Jjq0o=
golang.org/x/example/hello v0.0.0-20241216154601-40afcb705d05/go.mod h1:UhUKOXx5fMcLZxwL20DUrWWBBoRYG9Jvc8FiwZhRHCI=
